
Microsoft Visual Studio Solution File, Format Version 12.00
# Visual Studio Version 16
VisualStudioVersion = 16.0.31402.337
MinimumVisualStudioVersion = 10.0.40219.1
Project("{FAE04EC0-301F-11D3-BF4B-00C04F79EFBC}") = "OrdenandoNumeros", "OrdenandoNumeros\OrdenandoNumeros.csproj", "{575825AA-950B-4D83-A788-DC239D3598ED}"
EndProject
Global
	GlobalSection(SolutionConfigurationPlatforms) = preSolution
		Debug|Any CPU = Debug|Any CPU
		Release|Any CPU = Release|Any CPU
	EndGlobalSection
	GlobalSection(ProjectConfigurationPlatforms) = postSolution
		{575825AA-950B-4D83-A788-DC239D3598ED}.Debug|Any CPU.ActiveCfg = Debug|Any CPU
		{575825AA-950B-4D83-A788-DC239D3598ED}.Debug|Any CPU.Build.0 = Debug|Any CPU
		{575825AA-950B-4D83-A788-DC239D3598ED}.Release|Any CPU.ActiveCfg = Release|Any CPU
		{575825AA-950B-4D83-A788-DC239D3598ED}.Release|Any CPU.Build.0 = Release|Any CPU
	EndGlobalSection
	GlobalSection(SolutionProperties) = preSolution
		HideSolutionNode = FALSE
	EndGlobalSection
	GlobalSection(ExtensibilityGlobals) = postSolution
		SolutionGuid = {01C7BF7D-ECC7-452B-ACC7-8BC459627721}
	EndGlobalSection
EndGlobal
